
Microsoft Visual Studio Solution File, Format Version 12.00
# Visual Studio Version 16
VisualStudioVersion = 16.0.30320.27
MinimumVisualStudioVersion = 10.0.40219.1
Project("{FAE04EC0-301F-11D3-BF4B-00C04F79EFBC}") = "Lab1FL", "Lab1FL\Lab1FL.csproj", "{A61416E7-1027-4184-BF0F-C4DC3A530258}"
EndProject
Global
	GlobalSection(SolutionConfigurationPlatforms) = preSolution
		Debug|Any CPU = Debug|Any CPU
		Release|Any CPU = Release|Any CPU
	EndGlobalSection
	GlobalSection(ProjectConfigurationPlatforms) = postSolution
		{A61416E7-1027-4184-BF0F-C4DC3A530258}.Debug|Any CPU.ActiveCfg = Debug|Any CPU
		{A61416E7-1027-4184-BF0F-C4DC3A530258}.Debug|Any CPU.Build.0 = Debug|Any CPU
		{A61416E7-1027-4184-BF0F-C4DC3A530258}.Release|Any CPU.ActiveCfg = Release|Any CPU
		{A61416E7-1027-4184-BF0F-C4DC3A530258}.Release|Any CPU.Build.0 = Release|Any CPU
	EndGlobalSection
	GlobalSection(SolutionProperties) = preSolution
		HideSolutionNode = FALSE
	EndGlobalSection
	GlobalSection(ExtensibilityGlobals) = postSolution
		SolutionGuid = {37280F0A-D2D0-4549-81A3-0371F23BEA65}
	EndGlobalSection
EndGlobal
